Microsoft Visual Studio Solution File, Format Version 12.00
# Visual Studio Version 17
VisualStudioVersion = 17.5.2.0
MinimumVisualStudioVersion = 10.0.40219.1
Project("{FAE04EC0-301F-11D3-BF4B-00C04F79EFBC}") = "learning-webapi-dotnet", "learning-webapi-dotnet.csproj", "{CDE8F3DA-665F-B4D1-DE40-8EA26FE6240D}"
EndProject
Global
	GlobalSection(SolutionConfigurationPlatforms) = preSolution
		Debug|Any CPU = Debug|Any CPU
		Release|Any CPU = Release|Any CPU
	EndGlobalSection
	GlobalSection(ProjectConfigurationPlatforms) = postSolution
		{CDE8F3DA-665F-B4D1-DE40-8EA26FE6240D}.Debug|Any CPU.ActiveCfg = Debug|Any CPU
		{CDE8F3DA-665F-B4D1-DE40-8EA26FE6240D}.Debug|Any CPU.Build.0 = Debug|Any CPU
		{CDE8F3DA-665F-B4D1-DE40-8EA26FE6240D}.Release|Any CPU.ActiveCfg = Release|Any CPU
		{CDE8F3DA-665F-B4D1-DE40-8EA26FE6240D}.Release|Any CPU.Build.0 = Release|Any CPU
	EndGlobalSection
	GlobalSection(SolutionProperties) = preSolution
		HideSolutionNode = FALSE
	EndGlobalSection
	GlobalSection(ExtensibilityGlobals) = postSolution
		SolutionGuid = {B9A0A082-05FE-468C-84FC-7F6B0AB52F86}
	EndGlobalSection
EndGlobal
